
Microsoft Visual Studio Solution File, Format Version 12.00
# Visual Studio 14
VisualStudioVersion = 14.0.25420.1
MinimumVisualStudioVersion = 10.0.40219.1
Project("{151D2E53-A2C4-4D7D-83FE-D05416EBD58E}") = "AzurePoCVNETs", "AzurePoCVNETs\AzurePoCVNETs.deployproj", "{0B6967D0-F010-4A73-AEE9-09469A4D84A7}"
EndProject
Project("{151D2E53-A2C4-4D7D-83FE-D05416EBD58E}") = "AzurePoCDomainControllerDeploy", "AzurePoCDomainControllerDeploy\AzurePoCDomainControllerDeploy.deployproj", "{910F1F0C-F800-4DBC-99C9-ECB6795FAE2F}"
EndProject
Project("{151D2E53-A2C4-4D7D-83FE-D05416EBD58E}") = "AzurePoCVMDeployWithOMSExtension", "AzurePoCVMDeployWithOMSExtension\AzurePoCVMDeployWithOMSExtension.deployproj", "{3169B63D-DEEC-4DC2-9E1D-43CDCB65492D}"
EndProject
Project("{151D2E53-A2C4-4D7D-83FE-D05416EBD58E}") = "AzurePoCFileServices", "AzurePoCFileServices\AzurePoCFileServices.deployproj", "{955FFA0F-1E3B-47E9-8AEB-61FABE6ACF5E}"
EndProject
Project("{151D2E53-A2C4-4D7D-83FE-D05416EBD58E}") = "AzurePoCDeployLinuxWithOMS", "AzurePoCDeployLinuxWithOMS\AzurePoCDeployLinuxWithOMS.deployproj", "{D520F35F-5F55-4ABA-8B8C-8C65184C6DBC}"
EndProject
Global
	GlobalSection(SolutionConfigurationPlatforms) = preSolution
		Debug|Any CPU = Debug|Any CPU
		Release|Any CPU = Release|Any CPU
	EndGlobalSection
	GlobalSection(ProjectConfigurationPlatforms) = postSolution
		{0B6967D0-F010-4A73-AEE9-09469A4D84A7}.Debug|Any CPU.ActiveCfg = Debug|Any CPU
		{0B6967D0-F010-4A73-AEE9-09469A4D84A7}.Debug|Any CPU.Build.0 = Debug|Any CPU
		{0B6967D0-F010-4A73-AEE9-09469A4D84A7}.Release|Any CPU.ActiveCfg = Release|Any CPU
		{0B6967D0-F010-4A73-AEE9-09469A4D84A7}.Release|Any CPU.Build.0 = Release|Any CPU
		{910F1F0C-F800-4DBC-99C9-ECB6795FAE2F}.Debug|Any CPU.ActiveCfg = Debug|Any CPU
		{910F1F0C-F800-4DBC-99C9-ECB6795FAE2F}.Debug|Any CPU.Build.0 = Debug|Any CPU
		{910F1F0C-F800-4DBC-99C9-ECB6795FAE2F}.Release|Any CPU.ActiveCfg = Release|Any CPU
		{910F1F0C-F800-4DBC-99C9-ECB6795FAE2F}.Release|Any CPU.Build.0 = Release|Any CPU
		{3169B63D-DEEC-4DC2-9E1D-43CDCB65492D}.Debug|Any CPU.ActiveCfg = Debug|Any CPU
		{3169B63D-DEEC-4DC2-9E1D-43CDCB65492D}.Debug|Any CPU.Build.0 = Debug|Any CPU
		{3169B63D-DEEC-4DC2-9E1D-43CDCB65492D}.Release|Any CPU.ActiveCfg = Release|Any CPU
		{3169B63D-DEEC-4DC2-9E1D-43CDCB65492D}.Release|Any CPU.Build.0 = Release|Any CPU
		{955FFA0F-1E3B-47E9-8AEB-61FABE6ACF5E}.Debug|Any CPU.ActiveCfg = Debug|Any CPU
		{955FFA0F-1E3B-47E9-8AEB-61FABE6ACF5E}.Debug|Any CPU.Build.0 = Debug|Any CPU
		{955FFA0F-1E3B-47E9-8AEB-61FABE6ACF5E}.Release|Any CPU.ActiveCfg = Release|Any CPU
		{955FFA0F-1E3B-47E9-8AEB-61FABE6ACF5E}.Release|Any CPU.Build.0 = Release|Any CPU
		{D520F35F-5F55-4ABA-8B8C-8C65184C6DBC}.Debug|Any CPU.ActiveCfg = Debug|Any CPU
		{D520F35F-5F55-4ABA-8B8C-8C65184C6DBC}.Debug|Any CPU.Build.0 = Debug|Any CPU
		{D520F35F-5F55-4ABA-8B8C-8C65184C6DBC}.Release|Any CPU.ActiveCfg = Release|Any CPU
		{D520F35F-5F55-4ABA-8B8C-8C65184C6DBC}.Release|Any CPU.Build.0 = Release|Any CPU
	EndGlobalSection
	GlobalSection(SolutionProperties) = preSolution
		HideSolutionNode = FALSE
	EndGlobalSection
EndGlobal
